
Microsoft Visual Studio Solution File, Format Version 11.00
# Visual Studio 2010
Project("{8BC9CEB8-8B4A-11D0-8D11-00A0C91BC942}") = "sensor_read", "sensor_read\sensor_read.vcxproj", "{4CA2EA2F-6FFB-45EE-8BA8-7A3B06A86FF5}"
EndProject
Global
	GlobalSection(SolutionConfigurationPlatforms) = preSolution
		Debug|Win32 = Debug|Win32
		Release|Win32 = Release|Win32
	EndGlobalSection
	GlobalSection(ProjectConfigurationPlatforms) = postSolution
		{4CA2EA2F-6FFB-45EE-8BA8-7A3B06A86FF5}.Debug|Win32.ActiveCfg = Debug|Win32
		{4CA2EA2F-6FFB-45EE-8BA8-7A3B06A86FF5}.Debug|Win32.Build.0 = Debug|Win32
		{4CA2EA2F-6FFB-45EE-8BA8-7A3B06A86FF5}.Release|Win32.ActiveCfg = Release|Win32
		{4CA2EA2F-6FFB-45EE-8BA8-7A3B06A86FF5}.Release|Win32.Build.0 = Release|Win32
	EndGlobalSection
	GlobalSection(SolutionProperties) = preSolution
		HideSolutionNode = FALSE
	EndGlobalSection
EndGlobal
