
Microsoft Visual Studio Solution File, Format Version 11.00
# Visual Studio 2010
Project("{8BC9CEB8-8B4A-11D0-8D11-00A0C91BC942}") = "FizzBuzzTest", "FizzBuzzTest\FizzBuzzTest.vcxproj", "{C989F48C-680D-40FC-A320-D32D42E3363A}"
EndProject
Global
	GlobalSection(SolutionConfigurationPlatforms) = preSolution
		Debug|Win32 = Debug|Win32
		Release|Win32 = Release|Win32
	EndGlobalSection
	GlobalSection(ProjectConfigurationPlatforms) = postSolution
		{C989F48C-680D-40FC-A320-D32D42E3363A}.Debug|Win32.ActiveCfg = Debug|Win32
		{C989F48C-680D-40FC-A320-D32D42E3363A}.Debug|Win32.Build.0 = Debug|Win32
		{C989F48C-680D-40FC-A320-D32D42E3363A}.Release|Win32.ActiveCfg = Release|Win32
		{C989F48C-680D-40FC-A320-D32D42E3363A}.Release|Win32.Build.0 = Release|Win32
	EndGlobalSection
	GlobalSection(SolutionProperties) = preSolution
		HideSolutionNode = FALSE
	EndGlobalSection
EndGlobal
