// !$*UTF8*$!
{
	archiveVersion = 1;
	classes = {
	};
	objectVersion = 46;
	objects = {

/* Begin PBXBuildFile section */
		D06BA5101BC847750063B8EC /* main.cpp in Sources */ = {isa = PBXBuildFile; fileRef = D06BA50F1BC847750063B8EC /* main.cpp */; };
/* End PBXBuildFile section */

/* Begin PBXCopyFilesBuildPhase section */
		D06BA50A1BC847750063B8EC /* CopyFiles */ = {
			isa = PBXCopyFilesBuildPhase;
			buildActionMask = 2147483647;
			dstPath = /usr/share/man/man1/;
			dstSubfolderSpec = 0;
			files = (
			);
			runOnlyForDeploymentPostprocessing = 1;
		};
/* End PBXCopyFilesBuildPhase section */

/* Begin PBXFileReference section */
		D06BA50C1BC847750063B8EC /* puzzles-xcode */ = {isa = PBXFileReference; explicitFileType = "compiled.mach-o.executable"; includeInIndex = 0; path = "puzzles-xcode"; sourceTree = BUILT_PRODUCTS_DIR; };
		D06BA50F1BC847750063B8EC /* main.cpp */ = {isa = PBXFileReference; lastKnownFileType = sourcecode.cpp.cpp; path = main.cpp; sourceTree = "<group>"; };
		D06BA5171BC848990063B8EC /* puzzles */ = {isa = PBXFileReference; lastKnownFileType = folder; name = puzzles; path = ../puzzles; sourceTree = "<group>"; };
		D06BA5181BC88ACC0063B8EC /* BillWeinman_ExerciseFiles_CPP */ = {isa = PBXFileReference; lastKnownFileType = folder; name = BillWeinman_ExerciseFiles_CPP; path = ../BillWeinman_ExerciseFiles_CPP; sourceTree = "<group>"; };
/* End PBXFileReference section */

/* Begin PBXFrameworksBuildPhase section */
		D06BA5091BC847750063B8EC /* Frameworks */ = {
			isa = PBXFrameworksBuildPhase;
			buildActionMask = 2147483647;
			files = (
			);
			runOnlyForDeploymentPostprocessing = 0;
		};
/* End PBXFrameworksBuildPhase section */

/* Begin PBXGroup section */
		D06BA5031BC847740063B8EC = {
			isa = PBXGroup;
			children = (
				D06BA5181BC88ACC0063B8EC /* BillWeinman_ExerciseFiles_CPP */,
				D06BA5171BC848990063B8EC /* puzzles */,
				D06BA50E1BC847750063B8EC /* puzzles-xcode */,
				D06BA50D1BC847750063B8EC /* Products */,
			);
			sourceTree = "<group>";
		};
		D06BA50D1BC847750063B8EC /* Products */ = {
			isa = PBXGroup;
			children = (
				D06BA50C1BC847750063B8EC /* puzzles-xcode */,
			);
			name = Products;
			sourceTree = "<group>";
		};
		D06BA50E1BC847750063B8EC /* puzzles-xcode */ = {
			isa = PBXGroup;
			children = (
				D06BA50F1BC847750063B8EC /* main.cpp */,
			);
			path = "puzzles-xcode";
			sourceTree = "<group>";
		};
/* End PBXGroup section */

/* Begin PBXNativeTarget section */
		D06BA50B1BC847750063B8EC /* puzzles-xcode */ = {
			isa = PBXNativeTarget;
			buildConfigurationList = D06BA5131BC847750063B8EC /* Build configuration list for PBXNativeTarget "puzzles-xcode" */;
			buildPhases = (
				D06BA5081BC847750063B8EC /* Sources */,
				D06BA5091BC847750063B8EC /* Frameworks */,
				D06BA50A1BC847750063B8EC /* CopyFiles */,
			);
			buildRules = (
			);
			dependencies = (
			);
			name = "puzzles-xcode";
			productName = "puzzles-xcode";
			productReference = D06BA50C1BC847750063B8EC /* puzzles-xcode */;
			productType = "com.apple.product-type.tool";
		};
/* End PBXNativeTarget section */

/* Begin PBXProject section */
		D06BA5041BC847750063B8EC /* Project object */ = {
			isa = PBXProject;
			attributes = {
				LastUpgradeCheck = 0700;
				ORGANIZATIONNAME = "Nikhil Jagdale";
				TargetAttributes = {
					D06BA50B1BC847750063B8EC = {
						CreatedOnToolsVersion = 7.0.1;
					};
				};
			};
			buildConfigurationList = D06BA5071BC847750063B8EC /* Build configuration list for PBXProject "puzzles-xcode" */;
			compatibilityVersion = "Xcode 3.2";
			developmentRegion = English;
			hasScannedForEncodings = 0;
			knownRegions = (
				en,
			);
			mainGroup = D06BA5031BC847740063B8EC;
			productRefGroup = D06BA50D1BC847750063B8EC /* Products */;
			projectDirPath = "";
			projectRoot = "";
			targets = (
				D06BA50B1BC847750063B8EC /* puzzles-xcode */,
			);
		};
/* End PBXProject section */

/* Begin PBXSourcesBuildPhase section */
		D06BA5081BC847750063B8EC /* Sources */ = {
			isa = PBXSourcesBuildPhase;
			buildActionMask = 2147483647;
			files = (
				D06BA5101BC847750063B8EC /* main.cpp in Sources */,
			);
			runOnlyForDeploymentPostprocessing = 0;
		};
/* End PBXSourcesBuildPhase section */

/* Begin XCBuildConfiguration section */
		D06BA5111BC847750063B8EC /* Debug */ = {
			isa = XCBuildConfiguration;
			buildSettings = {
				ALWAYS_SEARCH_USER_PATHS = NO;
				CLANG_CXX_LANGUAGE_STANDARD = "gnu++0x";
				CLANG_CXX_LIBRARY = "libc++";
				CLANG_ENABLE_MODULES = YES;
				CLANG_ENABLE_OBJC_ARC = YES;
				CLANG_WARN_BOOL_CONVERSION = YES;
				CLANG_WARN_CONSTANT_CONVERSION = YES;
				CLANG_WARN_DIRECT_OBJC_ISA_USAGE = YES_ERROR;
				CLANG_WARN_EMPTY_BODY = YES;
				CLANG_WARN_ENUM_CONVERSION = YES;
				CLANG_WARN_INT_CONVERSION = YES;
				CLANG_WARN_OBJC_ROOT_CLASS = YES_ERROR;
				CLANG_WARN_UNREACHABLE_CODE = YES;
				CLANG_WARN__DUPLICATE_METHOD_MATCH = YES;
				COPY_PHASE_STRIP = NO;
				DEBUG_INFORMATION_FORMAT = dwarf;
				ENABLE_STRICT_OBJC_MSGSEND = YES;
				ENABLE_TESTABILITY = YES;
				GCC_C_LANGUAGE_STANDARD = gnu99;
				GCC_DYNAMIC_NO_PIC = NO;
				GCC_NO_COMMON_BLOCKS = YES;
				GCC_OPTIMIZATION_LEVEL = 0;
				GCC_PREPROCESSOR_DEFINITIONS = (
					"DEBUG=1",
					"$(inherited)",
				);
				GCC_WARN_64_TO_32_BIT_CONVERSION = YES;
				GCC_WARN_ABOUT_RETURN_TYPE = YES_ERROR;
				GCC_WARN_UNDECLARED_SELECTOR = YES;
				GCC_WARN_UNINITIALIZED_AUTOS = YES_AGGRESSIVE;
				GCC_WARN_UNUSED_FUNCTION = YES;
				GCC_WARN_UNUSED_VARIABLE = YES;
				MACOSX_DEPLOYMENT_TARGET = 10.11;
				MTL_ENABLE_DEBUG_INFO = YES;
				ONLY_ACTIVE_ARCH = YES;
				SDKROOT = macosx;
			};
			name = Debug;
		};
		D06BA5121BC847750063B8EC /* Release */ = {
			isa = XCBuildConfiguration;
			buildSettings = {
				ALWAYS_SEARCH_USER_PATHS = NO;
				CLANG_CXX_LANGUAGE_STANDARD = "gnu++0x";
				CLANG_CXX_LIBRARY = "libc++";
				CLANG_ENABLE_MODULES = YES;
				CLANG_ENABLE_OBJC_ARC = YES;
				CLANG_WARN_BOOL_CONVERSION = YES;
				CLANG_WARN_CONSTANT_CONVERSION = YES;
				CLANG_WARN_DIRECT_OBJC_ISA_USAGE = YES_ERROR;
				CLANG_WARN_EMPTY_BODY = YES;
				CLANG_WARN_ENUM_CONVERSION = YES;
				CLANG_WARN_INT_CONVERSION = YES;
				CLANG_WARN_OBJC_ROOT_CLASS = YES_ERROR;
				CLANG_WARN_UNREACHABLE_CODE = YES;
				CLANG_WARN__DUPLICATE_METHOD_MATCH = YES;
				COPY_PHASE_STRIP = NO;
				DEBUG_INFORMATION_FORMAT = "dwarf-with-dsym";
				ENABLE_NS_ASSERTIONS = NO;
				ENABLE_STRICT_OBJC_MSGSEND = YES;
				GCC_C_LANGUAGE_STANDARD = gnu99;
				GCC_NO_COMMON_BLOCKS = YES;
				GCC_WARN_64_TO_32_BIT_CONVERSION = YES;
				GCC_WARN_ABOUT_RETURN_TYPE = YES_ERROR;
				GCC_WARN_UNDECLARED_SELECTOR = YES;
				GCC_WARN_UNINITIALIZED_AUTOS = YES_AGGRESSIVE;
				GCC_WARN_UNUSED_FUNCTION = YES;
				GCC_WARN_UNUSED_VARIABLE = YES;
				MACOSX_DEPLOYMENT_TARGET = 10.11;
				MTL_ENABLE_DEBUG_INFO = NO;
				SDKROOT = macosx;
			};
			name = Release;
		};
		D06BA5141BC847750063B8EC /* Debug */ = {
			isa = XCBuildConfiguration;
			buildSettings = {
				GCC_WARN_PEDANTIC = YES;
				"OTHER_CFLAGS[arch=*]" = "";
				PRODUCT_NAME = "$(TARGET_NAME)";
			};
			name = Debug;
		};
		D06BA5151BC847750063B8EC /* Release */ = {
			isa = XCBuildConfiguration;
			buildSettings = {
				GCC_WARN_PEDANTIC = YES;
				PRODUCT_NAME = "$(TARGET_NAME)";
			};
			name = Release;
		};
/* End XCBuildConfiguration section */

/* Begin XCConfigurationList section */
		D06BA5071BC847750063B8EC /* Build configuration list for PBXProject "puzzles-xcode" */ = {
			isa = XCConfigurationList;
			buildConfigurations = (
				D06BA5111BC847750063B8EC /* Debug */,
				D06BA5121BC847750063B8EC /* Release */,
			);
			defaultConfigurationIsVisible = 0;
			defaultConfigurationName = Release;
		};
		D06BA5131BC847750063B8EC /* Build configuration list for PBXNativeTarget "puzzles-xcode" */ = {
			isa = XCConfigurationList;
			buildConfigurations = (
				D06BA5141BC847750063B8EC /* Debug */,
				D06BA5151BC847750063B8EC /* Release */,
			);
			defaultConfigurationIsVisible = 0;
			defaultConfigurationName = Release;
		};
/* End XCConfigurationList section */
	};
	rootObject = D06BA5041BC847750063B8EC /* Project object */;
}
